
Microsoft Visual Studio Solution File, Format Version 12.00
# Visual Studio 15
VisualStudioVersion = 15.0.27004.2006
MinimumVisualStudioVersion = 10.0.40219.1
Project("{FAE04EC0-301F-11D3-BF4B-00C04F79EFBC}") = "ChemiFriend.Data", "ChemiFriend.Data\ChemiFriend.Data.csproj", "{DA8F4C82-9463-455E-A953-D4BD5A5E7B32}"
EndProject
Project("{FAE04EC0-301F-11D3-BF4B-00C04F79EFBC}") = "ChemiFriend.Entity", "ChemiFriend.Entity\ChemiFriend.Entity.csproj", "{C05B3919-D171-4B08-B87D-BEE258E86606}"
EndProject
Project("{FAE04EC0-301F-11D3-BF4B-00C04F79EFBC}") = "ChemiFriend.Utility", "ChemiFriend.Utility\ChemiFriend.Utility.csproj", "{86DC4D06-035E-456C-BA4B-5FC6F66903A9}"
EndProject
Project("{FAE04EC0-301F-11D3-BF4B-00C04F79EFBC}") = "ChemiFriend.Web", "ChemiFriend.Web\ChemiFriend.Web.csproj", "{006F3524-78BD-49CA-B889-17DDD06860FF}"
EndProject
Project("{FAE04EC0-301F-11D3-BF4B-00C04F79EFBC}") = "ChemiFriend.API", "ChemiFriend.API\ChemiFriend.API\ChemiFriend.API.csproj", "{7A707CC6-85F7-4234-8DBF-F84426551942}"
EndProject
Global
	GlobalSection(SolutionConfigurationPlatforms) = preSolution
		Debug|Any CPU = Debug|Any CPU
		Release|Any CPU = Release|Any CPU
	EndGlobalSection
	GlobalSection(ProjectConfigurationPlatforms) = postSolution
		{DA8F4C82-9463-455E-A953-D4BD5A5E7B32}.Debug|Any CPU.ActiveCfg = Debug|Any CPU
		{DA8F4C82-9463-455E-A953-D4BD5A5E7B32}.Debug|Any CPU.Build.0 = Debug|Any CPU
		{DA8F4C82-9463-455E-A953-D4BD5A5E7B32}.Release|Any CPU.ActiveCfg = Release|Any CPU
		{DA8F4C82-9463-455E-A953-D4BD5A5E7B32}.Release|Any CPU.Build.0 = Release|Any CPU
		{C05B3919-D171-4B08-B87D-BEE258E86606}.Debug|Any CPU.ActiveCfg = Debug|Any CPU
		{C05B3919-D171-4B08-B87D-BEE258E86606}.Debug|Any CPU.Build.0 = Debug|Any CPU
		{C05B3919-D171-4B08-B87D-BEE258E86606}.Release|Any CPU.ActiveCfg = Release|Any CPU
		{C05B3919-D171-4B08-B87D-BEE258E86606}.Release|Any CPU.Build.0 = Release|Any CPU
		{86DC4D06-035E-456C-BA4B-5FC6F66903A9}.Debug|Any CPU.ActiveCfg = Debug|Any CPU
		{86DC4D06-035E-456C-BA4B-5FC6F66903A9}.Debug|Any CPU.Build.0 = Debug|Any CPU
		{86DC4D06-035E-456C-BA4B-5FC6F66903A9}.Release|Any CPU.ActiveCfg = Release|Any CPU
		{86DC4D06-035E-456C-BA4B-5FC6F66903A9}.Release|Any CPU.Build.0 = Release|Any CPU
		{006F3524-78BD-49CA-B889-17DDD06860FF}.Debug|Any CPU.ActiveCfg = Debug|Any CPU
		{006F3524-78BD-49CA-B889-17DDD06860FF}.Debug|Any CPU.Build.0 = Debug|Any CPU
		{006F3524-78BD-49CA-B889-17DDD06860FF}.Release|Any CPU.ActiveCfg = Release|Any CPU
		{006F3524-78BD-49CA-B889-17DDD06860FF}.Release|Any CPU.Build.0 = Release|Any CPU
		{7A707CC6-85F7-4234-8DBF-F84426551942}.Debug|Any CPU.ActiveCfg = Debug|Any CPU
		{7A707CC6-85F7-4234-8DBF-F84426551942}.Debug|Any CPU.Build.0 = Debug|Any CPU
		{7A707CC6-85F7-4234-8DBF-F84426551942}.Release|Any CPU.ActiveCfg = Release|Any CPU
		{7A707CC6-85F7-4234-8DBF-F84426551942}.Release|Any CPU.Build.0 = Release|Any CPU
	EndGlobalSection
	GlobalSection(SolutionProperties) = preSolution
		HideSolutionNode = FALSE
	EndGlobalSection
	GlobalSection(ExtensibilityGlobals) = postSolution
		SolutionGuid = {2E549725-2A2E-4CBE-9AB9-ADC49B43E0E6}
	EndGlobalSection
EndGlobal
