
Microsoft Visual Studio Solution File, Format Version 12.00
# Visual Studio 15
VisualStudioVersion = 15.0.27004.2006
MinimumVisualStudioVersion = 10.0.40219.1
Project("{FAE04EC0-301F-11D3-BF4B-00C04F79EFBC}") = "ChemiFriend.API", "ChemiFriend.API\ChemiFriend.API.csproj", "{7A707CC6-85F7-4234-8DBF-F84426551942}"
EndProject
Global
	GlobalSection(SolutionConfigurationPlatforms) = preSolution
		Debug|Any CPU = Debug|Any CPU
		Release|Any CPU = Release|Any CPU
	EndGlobalSection
	GlobalSection(ProjectConfigurationPlatforms) = postSolution
		{7A707CC6-85F7-4234-8DBF-F84426551942}.Debug|Any CPU.ActiveCfg = Debug|Any CPU
		{7A707CC6-85F7-4234-8DBF-F84426551942}.Debug|Any CPU.Build.0 = Debug|Any CPU
		{7A707CC6-85F7-4234-8DBF-F84426551942}.Release|Any CPU.ActiveCfg = Release|Any CPU
		{7A707CC6-85F7-4234-8DBF-F84426551942}.Release|Any CPU.Build.0 = Release|Any CPU
	EndGlobalSection
	GlobalSection(SolutionProperties) = preSolution
		HideSolutionNode = FALSE
	EndGlobalSection
	GlobalSection(ExtensibilityGlobals) = postSolution
		SolutionGuid = {2E549725-2A2E-4CBE-9AB9-ADC49B43E0E6}
	EndGlobalSection
EndGlobal
